
Microsoft Visual Studio Solution File, Format Version 12.00
Project("{2150E333-8FDC-42A3-9474-1A3956D46DE8}") = "src", "src", "{5CCB10AB-4856-4564-94CE-CEA117E174B9}"
	ProjectSection(SolutionItems) = preProject
		src\Directory.Build.props = src\Directory.Build.props
	EndProjectSection
EndProject
Project("{2150E333-8FDC-42A3-9474-1A3956D46DE8}") = "Core", "Core", "{6AF2DFF1-28F1-47C1-850F-FB1FA0CDD4D3}"
EndProject
Project("{2150E333-8FDC-42A3-9474-1A3956D46DE8}") = "src", "src", "{80C64D86-BC92-4478-8B22-5A3EA95AACF8}"
EndProject
Project("{FAE04EC0-301F-11D3-BF4B-00C04F79EFBC}") = "Servly.Core", "src\Core\src\Servly.Core\Servly.Core.csproj", "{4932FB70-6F08-4A88-9770-EDC678DAFC66}"
EndProject
Project("{2150E333-8FDC-42A3-9474-1A3956D46DE8}") = "test", "test", "{7699E96F-902C-43F8-909A-39E3C4A6A021}"
EndProject
Project("{FAE04EC0-301F-11D3-BF4B-00C04F79EFBC}") = "Servly.Core.UnitTests", "src\Core\test\Servly.Core.UnitTests\Servly.Core.UnitTests.csproj", "{E721BEB1-2269-47BD-9890-68E6F0D418A2}"
EndProject
Project("{2150E333-8FDC-42A3-9474-1A3956D46DE8}") = "Authentication", "Authentication", "{A37C1502-AB78-43CF-B151-3C38E70B1BE5}"
EndProject
Project("{2150E333-8FDC-42A3-9474-1A3956D46DE8}") = "src", "src", "{D92635DA-9013-4C1D-A6A3-92FD7064DE75}"
EndProject
Project("{FAE04EC0-301F-11D3-BF4B-00C04F79EFBC}") = "Servly.Authentication", "src\Authentication\src\Servly.Authentication\Servly.Authentication.csproj", "{2D8B4224-E7D3-40A6-ACDE-192FCCCF0B44}"
EndProject
Project("{2150E333-8FDC-42A3-9474-1A3956D46DE8}") = "test", "test", "{330A8670-FC70-46A1-B9C3-EA817D486B2E}"
EndProject
Project("{FAE04EC0-301F-11D3-BF4B-00C04F79EFBC}") = "Servly.Authentication.UnitTests", "src\Authentication\test\Servly.Authentication.UnitTests\Servly.Authentication.UnitTests.csproj", "{247D4988-E4D2-4F79-A62E-8D40AD4D42AD}"
EndProject
Project("{FAE04EC0-301F-11D3-BF4B-00C04F79EFBC}") = "Servly.Authentication.AspNetCore", "src\Authentication\src\Servly.Authentication.AspNetCore\Servly.Authentication.AspNetCore.csproj", "{54C522A6-768A-42F8-A4DA-74B25B370850}"
EndProject
Project("{FAE04EC0-301F-11D3-BF4B-00C04F79EFBC}") = "Servly.Authentication.AspNetCore.UnitTests", "src\Authentication\test\Servly.Authentication.AspNetCore.UnitTests\Servly.Authentication.AspNetCore.UnitTests.csproj", "{30433C7B-7EB0-44D1-B30F-B1219FB3967B}"
EndProject
Project("{2150E333-8FDC-42A3-9474-1A3956D46DE8}") = "Persistence.Redis", "Persistence.Redis", "{2DFC55A4-977A-427E-BD66-4DDAF4728443}"
EndProject
Project("{2150E333-8FDC-42A3-9474-1A3956D46DE8}") = "src", "src", "{E1F56FC5-13BA-4DD8-B3D6-0622A28A942C}"
EndProject
Project("{FAE04EC0-301F-11D3-BF4B-00C04F79EFBC}") = "Servly.Persistence.Redis", "src\Persistence.Redis\src\Servly.Persistence.Redis\Servly.Persistence.Redis.csproj", "{FF855140-AAE9-4F4B-A0C1-54D8A57DDFF2}"
EndProject
Project("{2150E333-8FDC-42A3-9474-1A3956D46DE8}") = "Idempotency", "Idempotency", "{DFAAB603-0919-474D-9577-30F81EC4EDEE}"
EndProject
Project("{2150E333-8FDC-42A3-9474-1A3956D46DE8}") = "src", "src", "{F00E7D6B-7C43-4C03-B75C-38F702DFB3AC}"
EndProject
Project("{FAE04EC0-301F-11D3-BF4B-00C04F79EFBC}") = "Servly.Idempotency.AspNetCore", "src\Idempotency\src\Servly.Idempotency.AspNetCore\Servly.Idempotency.AspNetCore.csproj", "{0B8A0EBC-1A5A-4B0A-8DD4-D9D57A2A18D8}"
EndProject
Project("{2150E333-8FDC-42A3-9474-1A3956D46DE8}") = "test", "test", "{D2947823-19D6-4114-AF58-DCA5B192245E}"
EndProject
Project("{FAE04EC0-301F-11D3-BF4B-00C04F79EFBC}") = "Servly.Idempotency.AspNetCore.FunctionalTests", "src\Idempotency\test\Servly.Idempotency.AspNetCore.FunctionalTests\Servly.Idempotency.AspNetCore.FunctionalTests.csproj", "{2E4F4E33-800C-40D9-9580-C4CB049EDFDF}"
EndProject
Project("{FAE04EC0-301F-11D3-BF4B-00C04F79EFBC}") = "Servly.Core.AspNetCore", "src\Core\src\Servly.Core.AspNetCore\Servly.Core.AspNetCore.csproj", "{A9E7371D-A039-4FF1-B407-CB8137E0C727}"
EndProject
Project("{2150E333-8FDC-42A3-9474-1A3956D46DE8}") = "AspNetCore.ModelBinding", "AspNetCore.ModelBinding", "{0BBB789E-4FB3-4C20-97D5-C7D3C30D03A0}"
EndProject
Project("{2150E333-8FDC-42A3-9474-1A3956D46DE8}") = "src", "src", "{63231236-45E5-40CD-8F38-4C9C888E0C87}"
EndProject
Project("{FAE04EC0-301F-11D3-BF4B-00C04F79EFBC}") = "Servly.AspNetCore.ModelBinding.Hybrid", "src\AspNetCore.ModelBinding\src\Servly.AspNetCore.ModelBinding.Hybrid\Servly.AspNetCore.ModelBinding.Hybrid.csproj", "{34F41A6A-D9FE-42AC-8AAA-57F42A706AE5}"
EndProject
Project("{2150E333-8FDC-42A3-9474-1A3956D46DE8}") = "test", "test", "{27140471-91C4-406D-8E31-DA0351E8BE83}"
EndProject
Project("{FAE04EC0-301F-11D3-BF4B-00C04F79EFBC}") = "Servly.AspNetCore.ModelBinding.Hybrid.UnitTests", "src\AspNetCore.ModelBinding\test\Servly.AspNetCore.ModelBinding.Hybrid.UnitTests\Servly.AspNetCore.ModelBinding.Hybrid.UnitTests.csproj", "{7B5AD495-A25B-4F6D-9164-1B13A85C7018}"
EndProject
Project("{FAE04EC0-301F-11D3-BF4B-00C04F79EFBC}") = "Servly.AspNetCore.ModelBinding.Hybrid.FunctionalTests", "src\AspNetCore.ModelBinding\test\Servly.AspNetCore.ModelBinding.Hybrid.FunctionalTests\Servly.AspNetCore.ModelBinding.Hybrid.FunctionalTests.csproj", "{972521DC-3428-4C77-B9E2-F68A1DFCC5D8}"
EndProject
Global
	GlobalSection(SolutionConfigurationPlatforms) = preSolution
		Debug|Any CPU = Debug|Any CPU
		Release|Any CPU = Release|Any CPU
	EndGlobalSection
	GlobalSection(NestedProjects) = preSolution
		{6AF2DFF1-28F1-47C1-850F-FB1FA0CDD4D3} = {5CCB10AB-4856-4564-94CE-CEA117E174B9}
		{80C64D86-BC92-4478-8B22-5A3EA95AACF8} = {6AF2DFF1-28F1-47C1-850F-FB1FA0CDD4D3}
		{4932FB70-6F08-4A88-9770-EDC678DAFC66} = {80C64D86-BC92-4478-8B22-5A3EA95AACF8}
		{7699E96F-902C-43F8-909A-39E3C4A6A021} = {6AF2DFF1-28F1-47C1-850F-FB1FA0CDD4D3}
		{E721BEB1-2269-47BD-9890-68E6F0D418A2} = {7699E96F-902C-43F8-909A-39E3C4A6A021}
		{A37C1502-AB78-43CF-B151-3C38E70B1BE5} = {5CCB10AB-4856-4564-94CE-CEA117E174B9}
		{D92635DA-9013-4C1D-A6A3-92FD7064DE75} = {A37C1502-AB78-43CF-B151-3C38E70B1BE5}
		{2D8B4224-E7D3-40A6-ACDE-192FCCCF0B44} = {D92635DA-9013-4C1D-A6A3-92FD7064DE75}
		{330A8670-FC70-46A1-B9C3-EA817D486B2E} = {A37C1502-AB78-43CF-B151-3C38E70B1BE5}
		{247D4988-E4D2-4F79-A62E-8D40AD4D42AD} = {330A8670-FC70-46A1-B9C3-EA817D486B2E}
		{54C522A6-768A-42F8-A4DA-74B25B370850} = {D92635DA-9013-4C1D-A6A3-92FD7064DE75}
		{30433C7B-7EB0-44D1-B30F-B1219FB3967B} = {330A8670-FC70-46A1-B9C3-EA817D486B2E}
		{2DFC55A4-977A-427E-BD66-4DDAF4728443} = {5CCB10AB-4856-4564-94CE-CEA117E174B9}
		{E1F56FC5-13BA-4DD8-B3D6-0622A28A942C} = {2DFC55A4-977A-427E-BD66-4DDAF4728443}
		{FF855140-AAE9-4F4B-A0C1-54D8A57DDFF2} = {E1F56FC5-13BA-4DD8-B3D6-0622A28A942C}
		{DFAAB603-0919-474D-9577-30F81EC4EDEE} = {5CCB10AB-4856-4564-94CE-CEA117E174B9}
		{F00E7D6B-7C43-4C03-B75C-38F702DFB3AC} = {DFAAB603-0919-474D-9577-30F81EC4EDEE}
		{0B8A0EBC-1A5A-4B0A-8DD4-D9D57A2A18D8} = {F00E7D6B-7C43-4C03-B75C-38F702DFB3AC}
		{D2947823-19D6-4114-AF58-DCA5B192245E} = {DFAAB603-0919-474D-9577-30F81EC4EDEE}
		{2E4F4E33-800C-40D9-9580-C4CB049EDFDF} = {D2947823-19D6-4114-AF58-DCA5B192245E}
		{A9E7371D-A039-4FF1-B407-CB8137E0C727} = {80C64D86-BC92-4478-8B22-5A3EA95AACF8}
		{0BBB789E-4FB3-4C20-97D5-C7D3C30D03A0} = {5CCB10AB-4856-4564-94CE-CEA117E174B9}
		{63231236-45E5-40CD-8F38-4C9C888E0C87} = {0BBB789E-4FB3-4C20-97D5-C7D3C30D03A0}
		{34F41A6A-D9FE-42AC-8AAA-57F42A706AE5} = {63231236-45E5-40CD-8F38-4C9C888E0C87}
		{27140471-91C4-406D-8E31-DA0351E8BE83} = {0BBB789E-4FB3-4C20-97D5-C7D3C30D03A0}
		{7B5AD495-A25B-4F6D-9164-1B13A85C7018} = {27140471-91C4-406D-8E31-DA0351E8BE83}
		{972521DC-3428-4C77-B9E2-F68A1DFCC5D8} = {27140471-91C4-406D-8E31-DA0351E8BE83}
	EndGlobalSection
	GlobalSection(ProjectConfigurationPlatforms) = postSolution
		{4932FB70-6F08-4A88-9770-EDC678DAFC66}.Debug|Any CPU.ActiveCfg = Debug|Any CPU
		{4932FB70-6F08-4A88-9770-EDC678DAFC66}.Debug|Any CPU.Build.0 = Debug|Any CPU
		{4932FB70-6F08-4A88-9770-EDC678DAFC66}.Release|Any CPU.ActiveCfg = Release|Any CPU
		{4932FB70-6F08-4A88-9770-EDC678DAFC66}.Release|Any CPU.Build.0 = Release|Any CPU
		{E721BEB1-2269-47BD-9890-68E6F0D418A2}.Debug|Any CPU.ActiveCfg = Debug|Any CPU
		{E721BEB1-2269-47BD-9890-68E6F0D418A2}.Debug|Any CPU.Build.0 = Debug|Any CPU
		{E721BEB1-2269-47BD-9890-68E6F0D418A2}.Release|Any CPU.ActiveCfg = Release|Any CPU
		{E721BEB1-2269-47BD-9890-68E6F0D418A2}.Release|Any CPU.Build.0 = Release|Any CPU
		{2D8B4224-E7D3-40A6-ACDE-192FCCCF0B44}.Debug|Any CPU.ActiveCfg = Debug|Any CPU
		{2D8B4224-E7D3-40A6-ACDE-192FCCCF0B44}.Debug|Any CPU.Build.0 = Debug|Any CPU
		{2D8B4224-E7D3-40A6-ACDE-192FCCCF0B44}.Release|Any CPU.ActiveCfg = Release|Any CPU
		{2D8B4224-E7D3-40A6-ACDE-192FCCCF0B44}.Release|Any CPU.Build.0 = Release|Any CPU
		{247D4988-E4D2-4F79-A62E-8D40AD4D42AD}.Debug|Any CPU.ActiveCfg = Debug|Any CPU
		{247D4988-E4D2-4F79-A62E-8D40AD4D42AD}.Debug|Any CPU.Build.0 = Debug|Any CPU
		{247D4988-E4D2-4F79-A62E-8D40AD4D42AD}.Release|Any CPU.ActiveCfg = Release|Any CPU
		{247D4988-E4D2-4F79-A62E-8D40AD4D42AD}.Release|Any CPU.Build.0 = Release|Any CPU
		{54C522A6-768A-42F8-A4DA-74B25B370850}.Debug|Any CPU.ActiveCfg = Debug|Any CPU
		{54C522A6-768A-42F8-A4DA-74B25B370850}.Debug|Any CPU.Build.0 = Debug|Any CPU
		{54C522A6-768A-42F8-A4DA-74B25B370850}.Release|Any CPU.ActiveCfg = Release|Any CPU
		{54C522A6-768A-42F8-A4DA-74B25B370850}.Release|Any CPU.Build.0 = Release|Any CPU
		{30433C7B-7EB0-44D1-B30F-B1219FB3967B}.Debug|Any CPU.ActiveCfg = Debug|Any CPU
		{30433C7B-7EB0-44D1-B30F-B1219FB3967B}.Debug|Any CPU.Build.0 = Debug|Any CPU
		{30433C7B-7EB0-44D1-B30F-B1219FB3967B}.Release|Any CPU.ActiveCfg = Release|Any CPU
		{30433C7B-7EB0-44D1-B30F-B1219FB3967B}.Release|Any CPU.Build.0 = Release|Any CPU
		{FF855140-AAE9-4F4B-A0C1-54D8A57DDFF2}.Debug|Any CPU.ActiveCfg = Debug|Any CPU
		{FF855140-AAE9-4F4B-A0C1-54D8A57DDFF2}.Debug|Any CPU.Build.0 = Debug|Any CPU
		{FF855140-AAE9-4F4B-A0C1-54D8A57DDFF2}.Release|Any CPU.ActiveCfg = Release|Any CPU
		{FF855140-AAE9-4F4B-A0C1-54D8A57DDFF2}.Release|Any CPU.Build.0 = Release|Any CPU
		{0B8A0EBC-1A5A-4B0A-8DD4-D9D57A2A18D8}.Debug|Any CPU.ActiveCfg = Debug|Any CPU
		{0B8A0EBC-1A5A-4B0A-8DD4-D9D57A2A18D8}.Debug|Any CPU.Build.0 = Debug|Any CPU
		{0B8A0EBC-1A5A-4B0A-8DD4-D9D57A2A18D8}.Release|Any CPU.ActiveCfg = Release|Any CPU
		{0B8A0EBC-1A5A-4B0A-8DD4-D9D57A2A18D8}.Release|Any CPU.Build.0 = Release|Any CPU
		{2E4F4E33-800C-40D9-9580-C4CB049EDFDF}.Debug|Any CPU.ActiveCfg = Debug|Any CPU
		{2E4F4E33-800C-40D9-9580-C4CB049EDFDF}.Debug|Any CPU.Build.0 = Debug|Any CPU
		{2E4F4E33-800C-40D9-9580-C4CB049EDFDF}.Release|Any CPU.ActiveCfg = Release|Any CPU
		{2E4F4E33-800C-40D9-9580-C4CB049EDFDF}.Release|Any CPU.Build.0 = Release|Any CPU
		{A9E7371D-A039-4FF1-B407-CB8137E0C727}.Debug|Any CPU.ActiveCfg = Debug|Any CPU
		{A9E7371D-A039-4FF1-B407-CB8137E0C727}.Debug|Any CPU.Build.0 = Debug|Any CPU
		{A9E7371D-A039-4FF1-B407-CB8137E0C727}.Release|Any CPU.ActiveCfg = Release|Any CPU
		{A9E7371D-A039-4FF1-B407-CB8137E0C727}.Release|Any CPU.Build.0 = Release|Any CPU
		{34F41A6A-D9FE-42AC-8AAA-57F42A706AE5}.Debug|Any CPU.ActiveCfg = Debug|Any CPU
		{34F41A6A-D9FE-42AC-8AAA-57F42A706AE5}.Debug|Any CPU.Build.0 = Debug|Any CPU
		{34F41A6A-D9FE-42AC-8AAA-57F42A706AE5}.Release|Any CPU.ActiveCfg = Release|Any CPU
		{34F41A6A-D9FE-42AC-8AAA-57F42A706AE5}.Release|Any CPU.Build.0 = Release|Any CPU
		{7B5AD495-A25B-4F6D-9164-1B13A85C7018}.Debug|Any CPU.ActiveCfg = Debug|Any CPU
		{7B5AD495-A25B-4F6D-9164-1B13A85C7018}.Debug|Any CPU.Build.0 = Debug|Any CPU
		{7B5AD495-A25B-4F6D-9164-1B13A85C7018}.Release|Any CPU.ActiveCfg = Release|Any CPU
		{7B5AD495-A25B-4F6D-9164-1B13A85C7018}.Release|Any CPU.Build.0 = Release|Any CPU
		{972521DC-3428-4C77-B9E2-F68A1DFCC5D8}.Debug|Any CPU.ActiveCfg = Debug|Any CPU
		{972521DC-3428-4C77-B9E2-F68A1DFCC5D8}.Debug|Any CPU.Build.0 = Debug|Any CPU
		{972521DC-3428-4C77-B9E2-F68A1DFCC5D8}.Release|Any CPU.ActiveCfg = Release|Any CPU
		{972521DC-3428-4C77-B9E2-F68A1DFCC5D8}.Release|Any CPU.Build.0 = Release|Any CPU
	EndGlobalSection
EndGlobal
